github.com/wowchemy/wowchemy-hugo-modules/v5 v5.3.0 h1:lGfJL+IslLK+LbUivHVFO+P9/Op4mK4zb3SlKiORKGk=
github.com/wowchemy/wowchemy-hugo-modules/v5 v5.3.0/go.mod h1:akNBhhT0UAOXSREplKkLe2wyHeo51qm6f+vqNkQkcmE=
github.com/wowchemy/wowchemy-hugo-modules/v5 v5.4.0 h1:jWlAOA8e40owFc+tyHrQdRZGXQpxbWeml0vkhBftoHg=
github.com/wowchemy/wowchemy-hugo-modules/v5 v5.4.0/go.mod h1:akNBhhT0UAOXSREplKkLe2wyHeo51qm6f+vqNkQkcmE=
github.com/wowchemy/wowchemy-hugo-modules/wowchemy-cms/v5 v5.0.0-20210629192904-559885af86b7/go.mod h1:Sp/AKo+2HAPi/IPHp1MEdKPmee+mzO5+efUBUPLPqPE=
github.com/wowchemy/wowchemy-hugo-modules/wowchemy-cms/v5 v5.0.0-20210629200226-028d5cbef51b h1:YSfyjk7Eindr3okqxO8MVT5r7XUNjyV/1tm3DXdA5gc=
github.com/wowchemy/wowchemy-hugo-modules/wowchemy-cms/v5 v5.0.0-20210629200226-028d5cbef51b/go.mod h1:Sp/AKo+2HAPi/IPHp1MEdKPmee+mzO5+efUBUPLPqPE=
github.com/wowchemy/wowchemy-hugo-modules/wowchemy-cms/v5 v5.0.0-20211223211901-f7a91f5217bb h1:jWHebdV7uOa1wJaRirdsN40wykltD3zonvsq6qwPPLA=
github.com/wowchemy/wowchemy-hugo-modules/wowchemy-cms/v5 v5.0.0-20211223211901-f7a91f5217bb/go.mod h1:Sp/AKo+2HAPi/IPHp1MEdKPmee+mzO5+efUBUPLPqPE=
github.com/wowchemy/wowchemy-hugo-modules/wowchemy/v5 v5.0.0-20210629192904-559885af86b7/go.mod h1:2iL9rdrUYyJXX2BeHKfK+QbqZlubCsaR60nQ87NRQTY=
github.com/wowchemy/wowchemy-hugo-modules/wowchemy/v5 v5.0.0-20210629200226-028d5cbef51b h1:ryGNSB7hZytFw7Lc2eqfK5cFX0Yj/hLkbojtRkHksAg=
github.com/wowchemy/wowchemy-hugo-modules/wowchemy/v5 v5.0.0-20210629200226-028d5cbef51b/go.mod h1:2iL9rdrUYyJXX2BeHKfK+QbqZlubCsaR60nQ87NRQTY=
github.com/wowchemy/wowchemy-hugo-modules/wowchemy/v5 v5.0.0-20211223211901-f7a91f5217bb h1:WMRGBLvQSB6iG7Dos3GKgf9Qp+mQ1pJpdDVcoPXsy/A=
github.com/wowchemy/wowchemy-hugo-modules/wowchemy/v5 v5.0.0-20211223211901-f7a91f5217bb/go.mod h1:2iL9rdrUYyJXX2BeHKfK+QbqZlubCsaR60nQ87NRQTY=
