github.com/HugoBlox/hugo-blox-builder/modules/blox-bootstrap/v5 v5.9.6 h1:EAnKwLLf27Wdl1IWpg0FpWiaAMuJyaTtBdvyUwJfU5c=
github.com/HugoBlox/hugo-blox-builder/modules/blox-bootstrap/v5 v5.9.6/go.mod h1:xZiTEEurbEwj/NhZohozvlyLCGVCT2wARHDAJeqKG/c=
github.com/HugoBlox/hugo-blox-builder/modules/blox-core v0.3.1/go.mod h1:So8+V2U+TNxlXmcpZfdDX0muLh3PdJ7z92h30sv3bZg=
github.com/HugoBlox/hugo-blox-builder/modules/blox-plugin-netlify v1.1.2-0.20231108141515-0478cf6921f9 h1:tGPIc1B6W43X1SXx+ahBCwYnDp3Ll6SEa5mEdABzxAE=
github.com/HugoBlox/hugo-blox-builder/modules/blox-plugin-netlify v1.1.2-0.20231108141515-0478cf6921f9/go.mod h1:C7jfxMLv1bEUqbM9XDSmEpfOpS8w06OgqNDEcbuRgL4=
github.com/HugoBlox/hugo-blox-builder/modules/blox-plugin-reveal v1.1.2 h1:AyH1pungA2xQDHOrXiIssKOVMY1/qoJUgwrGiK7TzJM=
github.com/HugoBlox/hugo-blox-builder/modules/blox-plugin-reveal v1.1.2/go.mod h1:F7quX1aEkV2pToTpmDBXOSTkytAnCKkqv/JFLclqa2g=
github.com/HugoBlox/hugo-blox-builder/modules/blox-seo v0.2.2/go.mod h1:NsESu6cEms1DgH84icCyylElg2Zu8A0f7Fma5JR0LZE=
github.com/wowchemy/wowchemy-hugo-modules/wowchemy-cms/v5 v5.0.0-20220325140950-3ee572954ab1 h1:igf4IiG7AeUUttvLh6M9qJ5+s5UxBB5EL4l5+15sq+o=
github.com/wowchemy/wowchemy-hugo-modules/wowchemy-cms/v5 v5.0.0-20220325140950-3ee572954ab1/go.mod h1:Sp/AKo+2HAPi/IPHp1MEdKPmee+mzO5+efUBUPLPqPE=
github.com/wowchemy/wowchemy-hugo-modules/wowchemy-cms/v5 v5.0.0-20220417143727-b026701dd6fa h1:SHC2LS9VZSpmTkgdDv7VAtbXB3KX6NbmIItUxuQkQ8Q=
github.com/wowchemy/wowchemy-hugo-modules/wowchemy-cms/v5 v5.0.0-20220417143727-b026701dd6fa/go.mod h1:Sp/AKo+2HAPi/IPHp1MEdKPmee+mzO5+efUBUPLPqPE=
github.com/wowchemy/wowchemy-hugo-modules/wowchemy-cms/v5 v5.0.0-20220424221502-30cbf912016f h1:5FR4w12F5jK8XLC1PVDROrxIDZinVHBjpZChfjZAkc0=
github.com/wowchemy/wowchemy-hugo-modules/wowchemy-cms/v5 v5.0.0-20220424221502-30cbf912016f/go.mod h1:Sp/AKo+2HAPi/IPHp1MEdKPmee+mzO5+efUBUPLPqPE=
github.com/wowchemy/wowchemy-hugo-modules/wowchemy/v5 v5.0.0-20220325140950-3ee572954ab1 h1:HnImqx8iQyu0WcC8wHFdGy4oNZqm7wOABGCG8NJ5lsM=
github.com/wowchemy/wowchemy-hugo-modules/wowchemy/v5 v5.0.0-20220325140950-3ee572954ab1/go.mod h1:2iL9rdrUYyJXX2BeHKfK+QbqZlubCsaR60nQ87NRQTY=
github.com/wowchemy/wowchemy-hugo-modules/wowchemy/v5 v5.0.0-20220417143727-b026701dd6fa h1:Th/egKcLf3P7ZNO+LO5v29cM4r2rxXb4JPk9IJVHLDE=
github.com/wowchemy/wowchemy-hugo-modules/wowchemy/v5 v5.0.0-20220417143727-b026701dd6fa/go.mod h1:2iL9rdrUYyJXX2BeHKfK+QbqZlubCsaR60nQ87NRQTY=
github.com/wowchemy/wowchemy-hugo-modules/wowchemy/v5 v5.0.0-20220424221502-30cbf912016f h1:hzxl0hq61rewaRRhXw20BZY0LpJtOjzzOhiaX7PGPHQ=
github.com/wowchemy/wowchemy-hugo-modules/wowchemy/v5 v5.0.0-20220424221502-30cbf912016f/go.mod h1:2iL9rdrUYyJXX2BeHKfK+QbqZlubCsaR60nQ87NRQTY=
github.com/wowchemy/wowchemy-hugo-themes/modules/wowchemy-bootstrap/v5 v5.9.3 h1:GU0CCXbXSK+V+5Inufwz4DjuVk2DIWVLHxNlhzzl5Ck=
github.com/wowchemy/wowchemy-hugo-themes/modules/wowchemy-bootstrap/v5 v5.9.3/go.mod h1:gDiL2ik/lCO0iZFwnbQfxXQcLjxIVVumDAAk7HtzQSU=
github.com/wowchemy/wowchemy-hugo-themes/modules/wowchemy-core v0.1.0/go.mod h1:kJwI9H8dicHQCnP8G9EvUDI+oNg/yXcGsjGjwjXuM8I=
github.com/wowchemy/wowchemy-hugo-themes/modules/wowchemy-core v0.2.0/go.mod h1:kJwI9H8dicHQCnP8G9EvUDI+oNg/yXcGsjGjwjXuM8I=
github.com/wowchemy/wowchemy-hugo-themes/modules/wowchemy-core v0.2.1-0.20231101183355-53a94b591ea8/go.mod h1:kJwI9H8dicHQCnP8G9EvUDI+oNg/yXcGsjGjwjXuM8I=
github.com/wowchemy/wowchemy-hugo-themes/modules/wowchemy-core v0.2.1-0.20231101183733-7b61e2f369e6/go.mod h1:kJwI9H8dicHQCnP8G9EvUDI+oNg/yXcGsjGjwjXuM8I=
github.com/wowchemy/wowchemy-hugo-themes/modules/wowchemy-plugin-netlify v1.0.0 h1:blRMoXNtlxnqXlVi4eCdPtTfVpJkH9J1f6tEKDXimCY=
github.com/wowchemy/wowchemy-hugo-themes/modules/wowchemy-plugin-netlify v1.0.0/go.mod h1:s40UgLsWfVyCLQ2F4F3dBcNfZOXcPGld7KxsKhZdzvM=
github.com/wowchemy/wowchemy-hugo-themes/modules/wowchemy-plugin-netlify v1.0.1-0.20230106134435-b9752d697a7b h1:HJTRwBeKnF0x/FYZdG65oDQjk8UVWZ4xpgWHoR712gQ=
github.com/wowchemy/wowchemy-hugo-themes/modules/wowchemy-plugin-netlify v1.0.1-0.20230106134435-b9752d697a7b/go.mod h1:s40UgLsWfVyCLQ2F4F3dBcNfZOXcPGld7KxsKhZdzvM=
github.com/wowchemy/wowchemy-hugo-themes/modules/wowchemy-plugin-netlify v1.0.1-0.20231105000840-20f6ecb81f55 h1:RIHHOfi9mFpnZCgc8LebmFAbSVvmZloRBdnTId5U3yQ=
github.com/wowchemy/wowchemy-hugo-themes/modules/wowchemy-plugin-netlify v1.0.1-0.20231105000840-20f6ecb81f55/go.mod h1:s40UgLsWfVyCLQ2F4F3dBcNfZOXcPGld7KxsKhZdzvM=
github.com/wowchemy/wowchemy-hugo-themes/modules/wowchemy-plugin-netlify v1.1.0 h1:I0ZJdoU4iGXbrNdIk5alwUZJhb8FABh2e7grpX6ACAU=
github.com/wowchemy/wowchemy-hugo-themes/modules/wowchemy-plugin-netlify v1.1.0/go.mod h1:s40UgLsWfVyCLQ2F4F3dBcNfZOXcPGld7KxsKhZdzvM=
github.com/wowchemy/wowchemy-hugo-themes/modules/wowchemy-plugin-netlify-cms v1.0.0 h1:WCbC3jjXAcFGUWn5W1QUk5tzNq4x4NcyqABI/s0SnWw=
github.com/wowchemy/wowchemy-hugo-themes/modules/wowchemy-plugin-netlify-cms v1.0.0/go.mod h1:X1mETJo6Lkv9tEgfU0UYFRiRInf0RbgW+s1RKXB4GMA=
github.com/wowchemy/wowchemy-hugo-themes/modules/wowchemy-plugin-netlify-cms v1.0.1-0.20230106134435-b9752d697a7b h1:DZ+/yU9D9HLPU+Zji2T+qnOTMM9Gz4r4wAx4hjxV4PE=
github.com/wowchemy/wowchemy-hugo-themes/modules/wowchemy-plugin-netlify-cms v1.0.1-0.20230106134435-b9752d697a7b/go.mod h1:X1mETJo6Lkv9tEgfU0UYFRiRInf0RbgW+s1RKXB4GMA=
github.com/wowchemy/wowchemy-hugo-themes/modules/wowchemy-plugin-netlify-cms v1.0.1-0.20231105000840-20f6ecb81f55 h1:1HKlrjYAo8IaLDq55uveRozkcDznlW9WWWDi/JnbjCU=
github.com/wowchemy/wowchemy-hugo-themes/modules/wowchemy-plugin-netlify-cms v1.0.1-0.20231105000840-20f6ecb81f55/go.mod h1:X1mETJo6Lkv9tEgfU0UYFRiRInf0RbgW+s1RKXB4GMA=
github.com/wowchemy/wowchemy-hugo-themes/modules/wowchemy-plugin-reveal v0.0.0-20230106134435-b9752d697a7b h1:0EHWEUE2BSB6Q3r7GsIkX/4Oz82Ml9ZFDPL/aknNBMI=
github.com/wowchemy/wowchemy-hugo-themes/modules/wowchemy-plugin-reveal v0.0.0-20230106134435-b9752d697a7b/go.mod h1:u2hgU45C6Oi3CwMzSNvTwuRTsKs7O46EG3MTjNKu7gE=
github.com/wowchemy/wowchemy-hugo-themes/modules/wowchemy-plugin-reveal v0.0.0-20231105000840-20f6ecb81f55 h1:eizXUUdZo2NUrrmaGNUXQED1dJLiydvswVMVJiVPdnk=
github.com/wowchemy/wowchemy-hugo-themes/modules/wowchemy-plugin-reveal v0.0.0-20231105000840-20f6ecb81f55/go.mod h1:F7KcUWe4ekU9rMXy33pi9/d+o0PGTUJqPsYbkHRj5J8=
github.com/wowchemy/wowchemy-hugo-themes/modules/wowchemy-plugin-reveal v1.0.0 h1:EYUeXFaj/roT2MtbZf9gaOTtG+S4bJWYGvNgxVdEspY=
github.com/wowchemy/wowchemy-hugo-themes/modules/wowchemy-plugin-reveal v1.0.0/go.mod h1:u2hgU45C6Oi3CwMzSNvTwuRTsKs7O46EG3MTjNKu7gE=
github.com/wowchemy/wowchemy-hugo-themes/modules/wowchemy-plugin-reveal v1.1.0 h1:3ftryJQtT+ECJZ7Xl/EQpo7xXRV9Ol9S6O58mtemdX0=
github.com/wowchemy/wowchemy-hugo-themes/modules/wowchemy-plugin-reveal v1.1.0/go.mod h1:F7KcUWe4ekU9rMXy33pi9/d+o0PGTUJqPsYbkHRj5J8=
github.com/wowchemy/wowchemy-hugo-themes/modules/wowchemy-seo v0.1.0/go.mod h1:R01vz++1i/KR2n00aWGcs6m/L7ky1klbrpqA2KXjMCk=
github.com/wowchemy/wowchemy-hugo-themes/modules/wowchemy-seo v0.1.1-0.20231101183733-7b61e2f369e6/go.mod h1:ecSfomc5wqJSsZb+WuOJGMqCDxONsooRuWmIObTOpR0=
github.com/wowchemy/wowchemy-hugo-themes/modules/wowchemy/v5 v5.6.0 h1:l7FIPHFJ8KKktS8Nrfk/u47PkDTbg6TNHg4VY3g41Xc=
github.com/wowchemy/wowchemy-hugo-themes/modules/wowchemy/v5 v5.6.0/go.mod h1:EfRfz/zhkliLPRWYdXRatho64juF3EFaJnciCi5YzwA=
github.com/wowchemy/wowchemy-hugo-themes/modules/wowchemy/v5 v5.7.0 h1:j0H7ApKal0qdWWdFbT7S/F3XQ7959nO3+kA6lLN4jec=
github.com/wowchemy/wowchemy-hugo-themes/modules/wowchemy/v5 v5.7.0/go.mod h1:pxtkh2Fw4Vdwh2NvIYpCqhR0g7MgwVAxFN1lW9Rep44=
github.com/wowchemy/wowchemy-hugo-themes/modules/wowchemy/v5 v5.7.1-0.20221106163805-45466f563a8a h1:E/b3J305QMI7Qv1eUFMf07f+HkNk8S4gS/oKcMY09GY=
github.com/wowchemy/wowchemy-hugo-themes/modules/wowchemy/v5 v5.7.1-0.20221106163805-45466f563a8a/go.mod h1:pxtkh2Fw4Vdwh2NvIYpCqhR0g7MgwVAxFN1lW9Rep44=
github.com/wowchemy/wowchemy-hugo-themes/modules/wowchemy/v5 v5.7.1-0.20230106134435-b9752d697a7b h1:BG0yWpZevy1rwNbVW3OMiPm0zSEcmlYVBlnHdBG+VCI=
github.com/wowchemy/wowchemy-hugo-themes/modules/wowchemy/v5 v5.7.1-0.20230106134435-b9752d697a7b/go.mod h1:pxtkh2Fw4Vdwh2NvIYpCqhR0g7MgwVAxFN1lW9Rep44=
github.com/wowchemy/wowchemy-hugo-themes/modules/wowchemy/v5 v5.8.1 h1:aqJ7yg+JYu64bh0r/VpwT2KaqhEHxdiX8JbH92shr00=
github.com/wowchemy/wowchemy-hugo-themes/modules/wowchemy/v5 v5.8.1/go.mod h1:aTjV1UoWPt03vYsb6TImLXMlby6p1lXF9aUy+GnAuqw=
